// !$*UTF8*$!
{
	archiveVersion = 1;
	classes = {
	};
	objectVersion = 56;
	objects = {

/* Begin PBXBuildFile section */
		3329287929970D9E0069D6D7 /* FoodsResponse.swift in Sources */ = {isa = PBXBuildFile; fileRef = 3329287829970D9E0069D6D7 /* FoodsResponse.swift */; };
		332928912997158A0069D6D7 /* AnasayfaPresenter.swift in Sources */ = {isa = PBXBuildFile; fileRef = 332928902997158A0069D6D7 /* AnasayfaPresenter.swift */; };
		33292893299715B80069D6D7 /* HomePageInteractor.swift in Sources */ = {isa = PBXBuildFile; fileRef = 33292892299715B80069D6D7 /* HomePageInteractor.swift */; };
		33292895299715DF0069D6D7 /* HomePageRouter.swift in Sources */ = {isa = PBXBuildFile; fileRef = 33292894299715DF0069D6D7 /* HomePageRouter.swift */; };
		33292897299716090069D6D7 /* HomePageProtocols.swift in Sources */ = {isa = PBXBuildFile; fileRef = 33292896299716090069D6D7 /* HomePageProtocols.swift */; };
		335E55C7299AC02B00044E8B /* welcome-lottie.json in Resources */ = {isa = PBXBuildFile; fileRef = 335E55C6299AC02B00044E8B /* welcome-lottie.json */; };
		3368396D2996726C0096027B /* RegisterViewController.swift in Sources */ = {isa = PBXBuildFile; fileRef = 3368396C2996726C0096027B /* RegisterViewController.swift */; };
		3368396F299672760096027B /* LoginViewController.swift in Sources */ = {isa = PBXBuildFile; fileRef = 3368396E299672750096027B /* LoginViewController.swift */; };
		336839712996747B0096027B /* WelcomeViewController.swift in Sources */ = {isa = PBXBuildFile; fileRef = 336839702996747B0096027B /* WelcomeViewController.swift */; };
		3390C5F229968DC7003DB0BB /* GoogleService-Info.plist in Resources */ = {isa = PBXBuildFile; fileRef = 3390C5F129968DC7003DB0BB /* GoogleService-Info.plist */; };
		33934E39299A6A26006F22B1 /* login-lottie.json in Resources */ = {isa = PBXBuildFile; fileRef = 33934E38299A6A26006F22B1 /* login-lottie.json */; };
		33934E3D299A6C75006F22B1 /* register-lottie.json in Resources */ = {isa = PBXBuildFile; fileRef = 33934E3C299A6C75006F22B1 /* register-lottie.json */; };
		33AF2A762996961B00098BF4 /* Constants.swift in Sources */ = {isa = PBXBuildFile; fileRef = 33AF2A752996961B00098BF4 /* Constants.swift */; };
		33AF9B2329961D6300D28269 /* AppDelegate.swift in Sources */ = {isa = PBXBuildFile; fileRef = 33AF9B2229961D6300D28269 /* AppDelegate.swift */; };
		33AF9B2529961D6300D28269 /* SceneDelegate.swift in Sources */ = {isa = PBXBuildFile; fileRef = 33AF9B2429961D6300D28269 /* SceneDelegate.swift */; };
		33AF9B2729961D6300D28269 /* HomePage.swift in Sources */ = {isa = PBXBuildFile; fileRef = 33AF9B2629961D6300D28269 /* HomePage.swift */; };
		33AF9B2A29961D6300D28269 /* Main.storyboard in Resources */ = {isa = PBXBuildFile; fileRef = 33AF9B2829961D6300D28269 /* Main.storyboard */; };
		33AF9B2C29961D6500D28269 /* Assets.xcassets in Resources */ = {isa = PBXBuildFile; fileRef = 33AF9B2B29961D6500D28269 /* Assets.xcassets */; };
		33AF9B2F29961D6500D28269 /* LaunchScreen.storyboard in Resources */ = {isa = PBXBuildFile; fileRef = 33AF9B2D29961D6500D28269 /* LaunchScreen.storyboard */; };
		33AF9B372996240000D28269 /* CollectionViewCell.swift in Sources */ = {isa = PBXBuildFile; fileRef = 33AF9B362996240000D28269 /* CollectionViewCell.swift */; };
		33AF9B392996256700D28269 /* Food.swift in Sources */ = {isa = PBXBuildFile; fileRef = 33AF9B382996256700D28269 /* Food.swift */; };
		33AF9B3C29962D3900D28269 /* NotoSansJP-Regular.otf in Resources */ = {isa = PBXBuildFile; fileRef = 33AF9B3B29962D3900D28269 /* NotoSansJP-Regular.otf */; };
		33AF9B3E2996473200D28269 /* FoodsTableViewCell.swift in Sources */ = {isa = PBXBuildFile; fileRef = 33AF9B3D2996473200D28269 /* FoodsTableViewCell.swift */; };
		33AF9B40299647CA00D28269 /* FoodTableViewController.swift in Sources */ = {isa = PBXBuildFile; fileRef = 33AF9B3F299647CA00D28269 /* FoodTableViewController.swift */; };
		33AF9B4229964A2300D28269 /* DetailsViewController.swift in Sources */ = {isa = PBXBuildFile; fileRef = 33AF9B4129964A2300D28269 /* DetailsViewController.swift */; };
		33EAEC73299B6FAC00250820 /* DetailsRouter.swift in Sources */ = {isa = PBXBuildFile; fileRef = 33EAEC72299B6FAC00250820 /* DetailsRouter.swift */; };
		33EAEC75299B6FB600250820 /* DetailsInteractor.swift in Sources */ = {isa = PBXBuildFile; fileRef = 33EAEC74299B6FB600250820 /* DetailsInteractor.swift */; };
		33EAEC77299B6FBF00250820 /* DetailsPresenter.swift in Sources */ = {isa = PBXBuildFile; fileRef = 33EAEC76299B6FBF00250820 /* DetailsPresenter.swift */; };
		33EAEC79299B6FED00250820 /* DetailsProtocol.swift in Sources */ = {isa = PBXBuildFile; fileRef = 33EAEC78299B6FED00250820 /* DetailsProtocol.swift */; };
		E17585B070CCABAED6A1E5A2 /* Pods_FinalProject.framework in Frameworks */ = {isa = PBXBuildFile; fileRef = 67AC718D0DCB764AF4436D7C /* Pods_FinalProject.framework */; };
/* End PBXBuildFile section */

/* Begin PBXFileReference section */
		1A02F04D19FFF7A6F8598273 /* Pods-FinalProject.debug.xcconfig */ = {isa = PBXFileReference; includeInIndex = 1; lastKnownFileType = text.xcconfig; name = "Pods-FinalProject.debug.xcconfig"; path = "Target Support Files/Pods-FinalProject/Pods-FinalProject.debug.xcconfig"; sourceTree = "<group>"; };
		3329287829970D9E0069D6D7 /* FoodsResponse.swift */ = {isa = PBXFileReference; lastKnownFileType = sourcecode.swift; path = FoodsResponse.swift; sourceTree = "<group>"; };
		332928902997158A0069D6D7 /* AnasayfaPresenter.swift */ = {isa = PBXFileReference; lastKnownFileType = sourcecode.swift; path = AnasayfaPresenter.swift; sourceTree = "<group>"; };
		33292892299715B80069D6D7 /* HomePageInteractor.swift */ = {isa = PBXFileReference; lastKnownFileType = sourcecode.swift; path = HomePageInteractor.swift; sourceTree = "<group>"; };
		33292894299715DF0069D6D7 /* HomePageRouter.swift */ = {isa = PBXFileReference; lastKnownFileType = sourcecode.swift; path = HomePageRouter.swift; sourceTree = "<group>"; };
		33292896299716090069D6D7 /* HomePageProtocols.swift */ = {isa = PBXFileReference; lastKnownFileType = sourcecode.swift; path = HomePageProtocols.swift; sourceTree = "<group>"; };
		335E55C6299AC02B00044E8B /* welcome-lottie.json */ = {isa = PBXFileReference; fileEncoding = 4; lastKnownFileType = text.json; path = "welcome-lottie.json"; sourceTree = "<group>"; };
		3368396C2996726C0096027B /* RegisterViewController.swift */ = {isa = PBXFileReference; lastKnownFileType = sourcecode.swift; path = RegisterViewController.swift; sourceTree = "<group>"; };
		3368396E299672750096027B /* LoginViewController.swift */ = {isa = PBXFileReference; lastKnownFileType = sourcecode.swift; path = LoginViewController.swift; sourceTree = "<group>"; };
		336839702996747B0096027B /* WelcomeViewController.swift */ = {isa = PBXFileReference; lastKnownFileType = sourcecode.swift; path = WelcomeViewController.swift; sourceTree = "<group>"; };
		3390C5F129968DC7003DB0BB /* GoogleService-Info.plist */ = {isa = PBXFileReference; fileEncoding = 4; lastKnownFileType = text.plist.xml; path = "GoogleService-Info.plist"; sourceTree = "<group>"; };
		33934E38299A6A26006F22B1 /* login-lottie.json */ = {isa = PBXFileReference; fileEncoding = 4; lastKnownFileType = text.json; path = "login-lottie.json"; sourceTree = "<group>"; };
		33934E3C299A6C75006F22B1 /* register-lottie.json */ = {isa = PBXFileReference; fileEncoding = 4; lastKnownFileType = text.json; path = "register-lottie.json"; sourceTree = "<group>"; };
		33AF2A752996961B00098BF4 /* Constants.swift */ = {isa = PBXFileReference; lastKnownFileType = sourcecode.swift; path = Constants.swift; sourceTree = "<group>"; };
		33AF9B1F29961D6300D28269 /* FinalProject.app */ = {isa = PBXFileReference; explicitFileType = wrapper.application; includeInIndex = 0; path = FinalProject.app; sourceTree = BUILT_PRODUCTS_DIR; };
		33AF9B2229961D6300D28269 /* AppDelegate.swift */ = {isa = PBXFileReference; lastKnownFileType = sourcecode.swift; path = AppDelegate.swift; sourceTree = "<group>"; };
		33AF9B2429961D6300D28269 /* SceneDelegate.swift */ = {isa = PBXFileReference; lastKnownFileType = sourcecode.swift; path = SceneDelegate.swift; sourceTree = "<group>"; };
		33AF9B2629961D6300D28269 /* HomePage.swift */ = {isa = PBXFileReference; lastKnownFileType = sourcecode.swift; path = HomePage.swift; sourceTree = "<group>"; };
		33AF9B2929961D6300D28269 /* Base */ = {isa = PBXFileReference; lastKnownFileType = file.storyboard; name = Base; path = Base.lproj/Main.storyboard; sourceTree = "<group>"; };
		33AF9B2B29961D6500D28269 /* Assets.xcassets */ = {isa = PBXFileReference; lastKnownFileType = folder.assetcatalog; path = Assets.xcassets; sourceTree = "<group>"; };
		33AF9B2E29961D6500D28269 /* Base */ = {isa = PBXFileReference; lastKnownFileType = file.storyboard; name = Base; path = Base.lproj/LaunchScreen.storyboard; sourceTree = "<group>"; };
		33AF9B3029961D6500D28269 /* Info.plist */ = {isa = PBXFileReference; lastKnownFileType = text.plist.xml; path = Info.plist; sourceTree = "<group>"; };
		33AF9B362996240000D28269 /* CollectionViewCell.swift */ = {isa = PBXFileReference; lastKnownFileType = sourcecode.swift; path = CollectionViewCell.swift; sourceTree = "<group>"; };
		33AF9B382996256700D28269 /* Food.swift */ = {isa = PBXFileReference; lastKnownFileType = sourcecode.swift; path = Food.swift; sourceTree = "<group>"; };
		33AF9B3B29962D3900D28269 /* NotoSansJP-Regular.otf */ = {isa = PBXFileReference; lastKnownFileType = file; path = "NotoSansJP-Regular.otf"; sourceTree = "<group>"; };
		33AF9B3D2996473200D28269 /* FoodsTableViewCell.swift */ = {isa = PBXFileReference; lastKnownFileType = sourcecode.swift; path = FoodsTableViewCell.swift; sourceTree = "<group>"; };
		33AF9B3F299647CA00D28269 /* FoodTableViewController.swift */ = {isa = PBXFileReference; lastKnownFileType = sourcecode.swift; path = FoodTableViewController.swift; sourceTree = "<group>"; };
		33AF9B4129964A2300D28269 /* DetailsViewController.swift */ = {isa = PBXFileReference; lastKnownFileType = sourcecode.swift; path = DetailsViewController.swift; sourceTree = "<group>"; };
		33EAEC72299B6FAC00250820 /* DetailsRouter.swift */ = {isa = PBXFileReference; lastKnownFileType = sourcecode.swift; path = DetailsRouter.swift; sourceTree = "<group>"; };
		33EAEC74299B6FB600250820 /* DetailsInteractor.swift */ = {isa = PBXFileReference; lastKnownFileType = sourcecode.swift; path = DetailsInteractor.swift; sourceTree = "<group>"; };
		33EAEC76299B6FBF00250820 /* DetailsPresenter.swift */ = {isa = PBXFileReference; lastKnownFileType = sourcecode.swift; path = DetailsPresenter.swift; sourceTree = "<group>"; };
		33EAEC78299B6FED00250820 /* DetailsProtocol.swift */ = {isa = PBXFileReference; lastKnownFileType = sourcecode.swift; path = DetailsProtocol.swift; sourceTree = "<group>"; };
		33EAEC7C299BA8DF00250820 /* tr */ = {isa = PBXFileReference; lastKnownFileType = text.plist.strings; name = tr; path = tr.lproj/LaunchScreen.strings; sourceTree = "<group>"; };
		33EAEC7D299BA8DF00250820 /* tr */ = {isa = PBXFileReference; lastKnownFileType = text.plist.strings; name = tr; path = tr.lproj/Main.strings; sourceTree = "<group>"; };
		67AC718D0DCB764AF4436D7C /* Pods_FinalProject.framework */ = {isa = PBXFileReference; explicitFileType = wrapper.framework; includeInIndex = 0; path = Pods_FinalProject.framework; sourceTree = BUILT_PRODUCTS_DIR; };
		FBA2C3EE077572753FF222D4 /* Pods-FinalProject.release.xcconfig */ = {isa = PBXFileReference; includeInIndex = 1; lastKnownFileType = text.xcconfig; name = "Pods-FinalProject.release.xcconfig"; path = "Target Support Files/Pods-FinalProject/Pods-FinalProject.release.xcconfig"; sourceTree = "<group>"; };
/* End PBXFileReference section */

/* Begin PBXFrameworksBuildPhase section */
		33AF9B1C29961D6300D28269 /* Frameworks */ = {
			isa = PBXFrameworksBuildPhase;
			buildActionMask = 2147483647;
			files = (
				E17585B070CCABAED6A1E5A2 /* Pods_FinalProject.framework in Frameworks */,
			);
			runOnlyForDeploymentPostprocessing = 0;
		};
/* End PBXFrameworksBuildPhase section */

/* Begin PBXGroup section */
		3323DE4A299679CF003E325D /* Entity */ = {
			isa = PBXGroup;
			children = (
				33AF9B382996256700D28269 /* Food.swift */,
				3329287829970D9E0069D6D7 /* FoodsResponse.swift */,
			);
			path = Entity;
			sourceTree = "<group>";
		};
		3329287A29970E8C0069D6D7 /* anasayfa-module */ = {
			isa = PBXGroup;
			children = (
				3329287B29970EB10069D6D7 /* collectionview */,
				3329287C29970EBD0069D6D7 /* protocols */,
				3329287D29970ECA0069D6D7 /* router */,
				3329287E29970ED10069D6D7 /* interactor */,
				3329287F29970ED90069D6D7 /* presenter */,
				3329288029970EDE0069D6D7 /* view */,
			);
			path = "anasayfa-module";
			sourceTree = "<group>";
		};
		3329287B29970EB10069D6D7 /* collectionview */ = {
			isa = PBXGroup;
			children = (
				33AF9B362996240000D28269 /* CollectionViewCell.swift */,
			);
			path = collectionview;
			sourceTree = "<group>";
		};
		3329287C29970EBD0069D6D7 /* protocols */ = {
			isa = PBXGroup;
			children = (
				33292896299716090069D6D7 /* HomePageProtocols.swift */,
			);
			path = protocols;
			sourceTree = "<group>";
		};
		3329287D29970ECA0069D6D7 /* router */ = {
			isa = PBXGroup;
			children = (
				33292894299715DF0069D6D7 /* HomePageRouter.swift */,
			);
			path = router;
			sourceTree = "<group>";
		};
		3329287E29970ED10069D6D7 /* interactor */ = {
			isa = PBXGroup;
			children = (
				33292892299715B80069D6D7 /* HomePageInteractor.swift */,
			);
			path = interactor;
			sourceTree = "<group>";
		};
		3329287F29970ED90069D6D7 /* presenter */ = {
			isa = PBXGroup;
			children = (
				332928902997158A0069D6D7 /* AnasayfaPresenter.swift */,
			);
			path = presenter;
			sourceTree = "<group>";
		};
		3329288029970EDE0069D6D7 /* view */ = {
			isa = PBXGroup;
			children = (
				33AF9B2629961D6300D28269 /* HomePage.swift */,
			);
			path = view;
			sourceTree = "<group>";
		};
		3329288129970FD40069D6D7 /* Supporting Files */ = {
			isa = PBXGroup;
			children = (
				33AF2A752996961B00098BF4 /* Constants.swift */,
				33AF9B2229961D6300D28269 /* AppDelegate.swift */,
				33AF9B2429961D6300D28269 /* SceneDelegate.swift */,
				33AF9B2B29961D6500D28269 /* Assets.xcassets */,
				33AF9B2D29961D6500D28269 /* LaunchScreen.storyboard */,
			);
			path = "Supporting Files";
			sourceTree = "<group>";
		};
		3329288229970FFF0069D6D7 /* fooddetail-module */ = {
			isa = PBXGroup;
			children = (
				33292888299710870069D6D7 /* tableview */,
				33292887299710310069D6D7 /* protocols */,
				332928862997102A0069D6D7 /* router */,
				33292885299710260069D6D7 /* interactor */,
				332928842997101F0069D6D7 /* presenter */,
				33292883299710150069D6D7 /* view */,
			);
			path = "fooddetail-module";
			sourceTree = "<group>";
		};
		33292883299710150069D6D7 /* view */ = {
			isa = PBXGroup;
			children = (
				33AF9B4129964A2300D28269 /* DetailsViewController.swift */,
			);
			path = view;
			sourceTree = "<group>";
		};
		332928842997101F0069D6D7 /* presenter */ = {
			isa = PBXGroup;
			children = (
				33EAEC76299B6FBF00250820 /* DetailsPresenter.swift */,
			);
			path = presenter;
			sourceTree = "<group>";
		};
		33292885299710260069D6D7 /* interactor */ = {
			isa = PBXGroup;
			children = (
				33EAEC74299B6FB600250820 /* DetailsInteractor.swift */,
			);
			path = interactor;
			sourceTree = "<group>";
		};
		332928862997102A0069D6D7 /* router */ = {
			isa = PBXGroup;
			children = (
				33EAEC72299B6FAC00250820 /* DetailsRouter.swift */,
			);
			path = router;
			sourceTree = "<group>";
		};
		33292887299710310069D6D7 /* protocols */ = {
			isa = PBXGroup;
			children = (
				33EAEC78299B6FED00250820 /* DetailsProtocol.swift */,
			);
			path = protocols;
			sourceTree = "<group>";
		};
		33292888299710870069D6D7 /* tableview */ = {
			isa = PBXGroup;
			children = (
				33AF9B3D2996473200D28269 /* FoodsTableViewCell.swift */,
			);
			path = tableview;
			sourceTree = "<group>";
		};
		33292889299710BF0069D6D7 /* foodbasket-module */ = {
			isa = PBXGroup;
			children = (
				3329288E299710F50069D6D7 /* protocols */,
				3329288D299710E80069D6D7 /* router */,
				3329288C299710DF0069D6D7 /* interactor */,
				3329288B299710D80069D6D7 /* presenter */,
				3329288A299710D30069D6D7 /* view */,
			);
			path = "foodbasket-module";
			sourceTree = "<group>";
		};
		3329288A299710D30069D6D7 /* view */ = {
			isa = PBXGroup;
			children = (
				33AF9B3F299647CA00D28269 /* FoodTableViewController.swift */,
			);
			path = view;
			sourceTree = "<group>";
		};
		3329288B299710D80069D6D7 /* presenter */ = {
			isa = PBXGroup;
			children = (
			);
			path = presenter;
			sourceTree = "<group>";
		};
		3329288C299710DF0069D6D7 /* interactor */ = {
			isa = PBXGroup;
			children = (
			);
			path = interactor;
			sourceTree = "<group>";
		};
		3329288D299710E80069D6D7 /* router */ = {
			isa = PBXGroup;
			children = (
			);
			path = router;
			sourceTree = "<group>";
		};
		3329288E299710F50069D6D7 /* protocols */ = {
			isa = PBXGroup;
			children = (
			);
			path = protocols;
			sourceTree = "<group>";
		};
		3329288F2997111D0069D6D7 /* onboardingScreens */ = {
			isa = PBXGroup;
			children = (
				3368396C2996726C0096027B /* RegisterViewController.swift */,
				3368396E299672750096027B /* LoginViewController.swift */,
				336839702996747B0096027B /* WelcomeViewController.swift */,
			);
			path = onboardingScreens;
			sourceTree = "<group>";
		};
		33AF9B1629961D6300D28269 = {
			isa = PBXGroup;
			children = (
				33AF9B2129961D6300D28269 /* FinalProject */,
				33AF9B2029961D6300D28269 /* Products */,
				EE18E27CE825394381C9F3AB /* Pods */,
				CED463F0E56E5A979A30D752 /* Frameworks */,
			);
			sourceTree = "<group>";
		};
		33AF9B2029961D6300D28269 /* Products */ = {
			isa = PBXGroup;
			children = (
				33AF9B1F29961D6300D28269 /* FinalProject.app */,
			);
			name = Products;
			sourceTree = "<group>";
		};
		33AF9B2129961D6300D28269 /* FinalProject */ = {
			isa = PBXGroup;
			children = (
				3329288F2997111D0069D6D7 /* onboardingScreens */,
				3329287A29970E8C0069D6D7 /* anasayfa-module */,
				3329288229970FFF0069D6D7 /* fooddetail-module */,
				33292889299710BF0069D6D7 /* foodbasket-module */,
				33C842D02996862B008AC7E4 /* lottie-files */,
				3323DE4A299679CF003E325D /* Entity */,
				33AF9B3A29962D2700D28269 /* Fonts */,
				3329288129970FD40069D6D7 /* Supporting Files */,
				33AF9B2829961D6300D28269 /* Main.storyboard */,
				3390C5F129968DC7003DB0BB /* GoogleService-Info.plist */,
				33AF9B3029961D6500D28269 /* Info.plist */,
			);
			path = FinalProject;
			sourceTree = "<group>";
		};
		33AF9B3A29962D2700D28269 /* Fonts */ = {
			isa = PBXGroup;
			children = (
				33AF9B3B29962D3900D28269 /* NotoSansJP-Regular.otf */,
			);
			path = Fonts;
			sourceTree = "<group>";
		};
		33C842D02996862B008AC7E4 /* lottie-files */ = {
			isa = PBXGroup;
			children = (
				335E55C6299AC02B00044E8B /* welcome-lottie.json */,
				33934E38299A6A26006F22B1 /* login-lottie.json */,
				33934E3C299A6C75006F22B1 /* register-lottie.json */,
			);
			path = "lottie-files";
			sourceTree = "<group>";
		};
		CED463F0E56E5A979A30D752 /* Frameworks */ = {
			isa = PBXGroup;
			children = (
				67AC718D0DCB764AF4436D7C /* Pods_FinalProject.framework */,
			);
			name = Frameworks;
			sourceTree = "<group>";
		};
		EE18E27CE825394381C9F3AB /* Pods */ = {
			isa = PBXGroup;
			children = (
				1A02F04D19FFF7A6F8598273 /* Pods-FinalProject.debug.xcconfig */,
				FBA2C3EE077572753FF222D4 /* Pods-FinalProject.release.xcconfig */,
			);
			path = Pods;
			sourceTree = "<group>";
		};
/* End PBXGroup section */

/* Begin PBXNativeTarget section */
		33AF9B1E29961D6300D28269 /* FinalProject */ = {
			isa = PBXNativeTarget;
			buildConfigurationList = 33AF9B3329961D6500D28269 /* Build configuration list for PBXNativeTarget "FinalProject" */;
			buildPhases = (
				8508315342CE012E8595FA08 /* [CP] Check Pods Manifest.lock */,
				33AF9B1B29961D6300D28269 /* Sources */,
				33AF9B1C29961D6300D28269 /* Frameworks */,
				33AF9B1D29961D6300D28269 /* Resources */,
				F0563226F3E538FC35A71FEF /* [CP] Embed Pods Frameworks */,
			);
			buildRules = (
			);
			dependencies = (
			);
			name = FinalProject;
			packageProductDependencies = (
			);
			productName = FinalProject;
			productReference = 33AF9B1F29961D6300D28269 /* FinalProject.app */;
			productType = "com.apple.product-type.application";
		};
/* End PBXNativeTarget section */

/* Begin PBXProject section */
		33AF9B1729961D6300D28269 /* Project object */ = {
			isa = PBXProject;
			attributes = {
				BuildIndependentTargetsInParallel = 1;
				LastSwiftUpdateCheck = 1420;
				LastUpgradeCheck = 1420;
				TargetAttributes = {
					33AF9B1E29961D6300D28269 = {
						CreatedOnToolsVersion = 14.2;
					};
				};
			};
			buildConfigurationList = 33AF9B1A29961D6300D28269 /* Build configuration list for PBXProject "FinalProject" */;
			compatibilityVersion = "Xcode 14.0";
			developmentRegion = en;
			hasScannedForEncodings = 0;
			knownRegions = (
				en,
				Base,
				tr,
			);
			mainGroup = 33AF9B1629961D6300D28269;
			packageReferences = (
			);
			productRefGroup = 33AF9B2029961D6300D28269 /* Products */;
			projectDirPath = "";
			projectRoot = "";
			targets = (
				33AF9B1E29961D6300D28269 /* FinalProject */,
			);
		};
/* End PBXProject section */

/* Begin PBXResourcesBuildPhase section */
		33AF9B1D29961D6300D28269 /* Resources */ = {
			isa = PBXResourcesBuildPhase;
			buildActionMask = 2147483647;
			files = (
				33934E39299A6A26006F22B1 /* login-lottie.json in Resources */,
				33AF9B2F29961D6500D28269 /* LaunchScreen.storyboard in Resources */,
				3390C5F229968DC7003DB0BB /* GoogleService-Info.plist in Resources */,
				335E55C7299AC02B00044E8B /* welcome-lottie.json in Resources */,
				33AF9B2C29961D6500D28269 /* Assets.xcassets in Resources */,
				33AF9B2A29961D6300D28269 /* Main.storyboard in Resources */,
				33AF9B3C29962D3900D28269 /* NotoSansJP-Regular.otf in Resources */,
				33934E3D299A6C75006F22B1 /* register-lottie.json in Resources */,
			);
			runOnlyForDeploymentPostprocessing = 0;
		};
/* End PBXResourcesBuildPhase section */

/* Begin PBXShellScriptBuildPhase section */
		8508315342CE012E8595FA08 /* [CP] Check Pods Manifest.lock */ = {
			isa = PBXShellScriptBuildPhase;
			buildActionMask = 2147483647;
			files = (
			);
			inputFileListPaths = (
			);
			inputPaths = (
				"${PODS_PODFILE_DIR_PATH}/Podfile.lock",
				"${PODS_ROOT}/Manifest.lock",
			);
			name = "[CP] Check Pods Manifest.lock";
			outputFileListPaths = (
			);
			outputPaths = (
				"$(DERIVED_FILE_DIR)/Pods-FinalProject-checkManifestLockResult.txt",
			);
			runOnlyForDeploymentPostprocessing = 0;
			shellPath = /bin/sh;
			shellScript = "diff \"${PODS_PODFILE_DIR_PATH}/Podfile.lock\" \"${PODS_ROOT}/Manifest.lock\" > /dev/null\nif [ $? != 0 ] ; then\n    # print error to STDERR\n    echo \"error: The sandbox is not in sync with the Podfile.lock. Run 'pod install' or update your CocoaPods installation.\" >&2\n    exit 1\nfi\n# This output is used by Xcode 'outputs' to avoid re-running this script phase.\necho \"SUCCESS\" > \"${SCRIPT_OUTPUT_FILE_0}\"\n";
			showEnvVarsInLog = 0;
		};
		F0563226F3E538FC35A71FEF /* [CP] Embed Pods Frameworks */ = {
			isa = PBXShellScriptBuildPhase;
			buildActionMask = 2147483647;
			files = (
			);
			inputFileListPaths = (
				"${PODS_ROOT}/Target Support Files/Pods-FinalProject/Pods-FinalProject-frameworks-${CONFIGURATION}-input-files.xcfilelist",
			);
			name = "[CP] Embed Pods Frameworks";
			outputFileListPaths = (
				"${PODS_ROOT}/Target Support Files/Pods-FinalProject/Pods-FinalProject-frameworks-${CONFIGURATION}-output-files.xcfilelist",
			);
			runOnlyForDeploymentPostprocessing = 0;
			shellPath = /bin/sh;
			shellScript = "\"${PODS_ROOT}/Target Support Files/Pods-FinalProject/Pods-FinalProject-frameworks.sh\"\n";
			showEnvVarsInLog = 0;
		};
/* End PBXShellScriptBuildPhase section */

/* Begin PBXSourcesBuildPhase section */
		33AF9B1B29961D6300D28269 /* Sources */ = {
			isa = PBXSourcesBuildPhase;
			buildActionMask = 2147483647;
			files = (
				3329287929970D9E0069D6D7 /* FoodsResponse.swift in Sources */,
				3368396D2996726C0096027B /* RegisterViewController.swift in Sources */,
				332928912997158A0069D6D7 /* AnasayfaPresenter.swift in Sources */,
				33AF9B2729961D6300D28269 /* HomePage.swift in Sources */,
				336839712996747B0096027B /* WelcomeViewController.swift in Sources */,
				33AF9B3E2996473200D28269 /* FoodsTableViewCell.swift in Sources */,
				33EAEC75299B6FB600250820 /* DetailsInteractor.swift in Sources */,
				33EAEC77299B6FBF00250820 /* DetailsPresenter.swift in Sources */,
				33292895299715DF0069D6D7 /* HomePageRouter.swift in Sources */,
				33EAEC73299B6FAC00250820 /* DetailsRouter.swift in Sources */,
				33AF9B2329961D6300D28269 /* AppDelegate.swift in Sources */,
				33AF9B4229964A2300D28269 /* DetailsViewController.swift in Sources */,
				33AF9B40299647CA00D28269 /* FoodTableViewController.swift in Sources */,
				33AF9B392996256700D28269 /* Food.swift in Sources */,
				33AF9B372996240000D28269 /* CollectionViewCell.swift in Sources */,
				3368396F299672760096027B /* LoginViewController.swift in Sources */,
				33292897299716090069D6D7 /* HomePageProtocols.swift in Sources */,
				33EAEC79299B6FED00250820 /* DetailsProtocol.swift in Sources */,
				33292893299715B80069D6D7 /* HomePageInteractor.swift in Sources */,
				33AF9B2529961D6300D28269 /* SceneDelegate.swift in Sources */,
				33AF2A762996961B00098BF4 /* Constants.swift in Sources */,
			);
			runOnlyForDeploymentPostprocessing = 0;
		};
/* End PBXSourcesBuildPhase section */

/* Begin PBXVariantGroup section */
		33AF9B2829961D6300D28269 /* Main.storyboard */ = {
			isa = PBXVariantGroup;
			children = (
				33AF9B2929961D6300D28269 /* Base */,
				33EAEC7D299BA8DF00250820 /* tr */,
			);
			name = Main.storyboard;
			sourceTree = "<group>";
		};
		33AF9B2D29961D6500D28269 /* LaunchScreen.storyboard */ = {
			isa = PBXVariantGroup;
			children = (
				33AF9B2E29961D6500D28269 /* Base */,
				33EAEC7C299BA8DF00250820 /* tr */,
			);
			name = LaunchScreen.storyboard;
			sourceTree = "<group>";
		};
/* End PBXVariantGroup section */

/* Begin XCBuildConfiguration section */
		33AF9B3129961D6500D28269 /* Debug */ = {
			isa = XCBuildConfiguration;
			buildSettings = {
				ALWAYS_SEARCH_USER_PATHS = NO;
				CLANG_ANALYZER_LOCALIZABILITY_NONLOCALIZED = YES;
				CLANG_ANALYZER_NONNULL = YES;
				CLANG_ANALYZER_NUMBER_OBJECT_CONVERSION = YES_AGGRESSIVE;
				CLANG_CXX_LANGUAGE_STANDARD = "gnu++20";
				CLANG_ENABLE_MODULES = YES;
				CLANG_ENABLE_OBJC_ARC = YES;
				CLANG_ENABLE_OBJC_WEAK = YES;
				CLANG_WARN_BLOCK_CAPTURE_AUTORELEASING = YES;
				CLANG_WARN_BOOL_CONVERSION = YES;
				CLANG_WARN_COMMA = YES;
				CLANG_WARN_CONSTANT_CONVERSION = YES;
				CLANG_WARN_DEPRECATED_OBJC_IMPLEMENTATIONS = YES;
				CLANG_WARN_DIRECT_OBJC_ISA_USAGE = YES_ERROR;
				CLANG_WARN_DOCUMENTATION_COMMENTS = YES;
				CLANG_WARN_EMPTY_BODY = YES;
				CLANG_WARN_ENUM_CONVERSION = YES;
				CLANG_WARN_INFINITE_RECURSION = YES;
				CLANG_WARN_INT_CONVERSION = YES;
				CLANG_WARN_NON_LITERAL_NULL_CONVERSION = YES;
				CLANG_WARN_OBJC_IMPLICIT_RETAIN_SELF = YES;
				CLANG_WARN_OBJC_LITERAL_CONVERSION = YES;
				CLANG_WARN_OBJC_ROOT_CLASS = YES_ERROR;
				CLANG_WARN_QUOTED_INCLUDE_IN_FRAMEWORK_HEADER = YES;
				CLANG_WARN_RANGE_LOOP_ANALYSIS = YES;
				CLANG_WARN_STRICT_PROTOTYPES = YES;
				CLANG_WARN_SUSPICIOUS_MOVE = YES;
				CLANG_WARN_UNGUARDED_AVAILABILITY = YES_AGGRESSIVE;
				CLANG_WARN_UNREACHABLE_CODE = YES;
				CLANG_WARN__DUPLICATE_METHOD_MATCH = YES;
				COPY_PHASE_STRIP = NO;
				DEBUG_INFORMATION_FORMAT = dwarf;
				ENABLE_STRICT_OBJC_MSGSEND = YES;
				ENABLE_TESTABILITY = YES;
				GCC_C_LANGUAGE_STANDARD = gnu11;
				GCC_DYNAMIC_NO_PIC = NO;
				GCC_NO_COMMON_BLOCKS = YES;
				GCC_OPTIMIZATION_LEVEL = 0;
				GCC_PREPROCESSOR_DEFINITIONS = (
					"DEBUG=1",
					"$(inherited)",
				);
				GCC_WARN_64_TO_32_BIT_CONVERSION = YES;
				GCC_WARN_ABOUT_RETURN_TYPE = YES_ERROR;
				GCC_WARN_UNDECLARED_SELECTOR = YES;
				GCC_WARN_UNINITIALIZED_AUTOS = YES_AGGRESSIVE;
				GCC_WARN_UNUSED_FUNCTION = YES;
				GCC_WARN_UNUSED_VARIABLE = YES;
				IPHONEOS_DEPLOYMENT_TARGET = 16.2;
				MTL_ENABLE_DEBUG_INFO = INCLUDE_SOURCE;
				MTL_FAST_MATH = YES;
				ONLY_ACTIVE_ARCH = YES;
				SDKROOT = iphoneos;
				SWIFT_ACTIVE_COMPILATION_CONDITIONS = DEBUG;
				SWIFT_OPTIMIZATION_LEVEL = "-Onone";
			};
			name = Debug;
		};
		33AF9B3229961D6500D28269 /* Release */ = {
			isa = XCBuildConfiguration;
			buildSettings = {
				ALWAYS_SEARCH_USER_PATHS = NO;
				CLANG_ANALYZER_LOCALIZABILITY_NONLOCALIZED = YES;
				CLANG_ANALYZER_NONNULL = YES;
				CLANG_ANALYZER_NUMBER_OBJECT_CONVERSION = YES_AGGRESSIVE;
				CLANG_CXX_LANGUAGE_STANDARD = "gnu++20";
				CLANG_ENABLE_MODULES = YES;
				CLANG_ENABLE_OBJC_ARC = YES;
				CLANG_ENABLE_OBJC_WEAK = YES;
				CLANG_WARN_BLOCK_CAPTURE_AUTORELEASING = YES;
				CLANG_WARN_BOOL_CONVERSION = YES;
				CLANG_WARN_COMMA = YES;
				CLANG_WARN_CONSTANT_CONVERSION = YES;
				CLANG_WARN_DEPRECATED_OBJC_IMPLEMENTATIONS = YES;
				CLANG_WARN_DIRECT_OBJC_ISA_USAGE = YES_ERROR;
				CLANG_WARN_DOCUMENTATION_COMMENTS = YES;
				CLANG_WARN_EMPTY_BODY = YES;
				CLANG_WARN_ENUM_CONVERSION = YES;
				CLANG_WARN_INFINITE_RECURSION = YES;
				CLANG_WARN_INT_CONVERSION = YES;
				CLANG_WARN_NON_LITERAL_NULL_CONVERSION = YES;
				CLANG_WARN_OBJC_IMPLICIT_RETAIN_SELF = YES;
				CLANG_WARN_OBJC_LITERAL_CONVERSION = YES;
				CLANG_WARN_OBJC_ROOT_CLASS = YES_ERROR;
				CLANG_WARN_QUOTED_INCLUDE_IN_FRAMEWORK_HEADER = YES;
				CLANG_WARN_RANGE_LOOP_ANALYSIS = YES;
				CLANG_WARN_STRICT_PROTOTYPES = YES;
				CLANG_WARN_SUSPICIOUS_MOVE = YES;
				CLANG_WARN_UNGUARDED_AVAILABILITY = YES_AGGRESSIVE;
				CLANG_WARN_UNREACHABLE_CODE = YES;
				CLANG_WARN__DUPLICATE_METHOD_MATCH = YES;
				COPY_PHASE_STRIP = NO;
				DEBUG_INFORMATION_FORMAT = "dwarf-with-dsym";
				ENABLE_NS_ASSERTIONS = NO;
				ENABLE_STRICT_OBJC_MSGSEND = YES;
				GCC_C_LANGUAGE_STANDARD = gnu11;
				GCC_NO_COMMON_BLOCKS = YES;
				GCC_WARN_64_TO_32_BIT_CONVERSION = YES;
				GCC_WARN_ABOUT_RETURN_TYPE = YES_ERROR;
				GCC_WARN_UNDECLARED_SELECTOR = YES;
				GCC_WARN_UNINITIALIZED_AUTOS = YES_AGGRESSIVE;
				GCC_WARN_UNUSED_FUNCTION = YES;
				GCC_WARN_UNUSED_VARIABLE = YES;
				IPHONEOS_DEPLOYMENT_TARGET = 16.2;
				MTL_ENABLE_DEBUG_INFO = NO;
				MTL_FAST_MATH = YES;
				SDKROOT = iphoneos;
				SWIFT_COMPILATION_MODE = wholemodule;
				SWIFT_OPTIMIZATION_LEVEL = "-O";
				VALIDATE_PRODUCT = YES;
			};
			name = Release;
		};
		33AF9B3429961D6500D28269 /* Debug */ = {
			isa = XCBuildConfiguration;
			baseConfigurationReference = 1A02F04D19FFF7A6F8598273 /* Pods-FinalProject.debug.xcconfig */;
			buildSettings = {
				ASSETCATALOG_COMPILER_APPICON_NAME = AppIcon;
				ASSETCATALOG_COMPILER_GLOBAL_ACCENT_COLOR_NAME = AccentColor;
				CODE_SIGN_STYLE = Automatic;
				CURRENT_PROJECT_VERSION = 1;
				GENERATE_INFOPLIST_FILE = YES;
				INFOPLIST_FILE = FinalProject/Info.plist;
				INFOPLIST_KEY_UIApplicationSupportsIndirectInputEvents = YES;
				INFOPLIST_KEY_UILaunchStoryboardName = LaunchScreen;
				INFOPLIST_KEY_UIMainStoryboardFile = Main;
				INFOPLIST_KEY_UISupportedInterfaceOrientations_iPad = "UIInterfaceOrientationPortrait UIInterfaceOrientationPortraitUpsideDown UIInterfaceOrientationLandscapeLeft UIInterfaceOrientationLandscapeRight";
				INFOPLIST_KEY_UISupportedInterfaceOrientations_iPhone = "UIInterfaceOrientationPortrait UIInterfaceOrientationLandscapeLeft UIInterfaceOrientationLandscapeRight";
				LD_RUNPATH_SEARCH_PATHS = (
					"$(inherited)",
					"@executable_path/Frameworks",
				);
				MARKETING_VERSION = 1.0;
				PRODUCT_BUNDLE_IDENTIFIER = com.example.FinalProject;
				PRODUCT_NAME = "$(TARGET_NAME)";
				SWIFT_EMIT_LOC_STRINGS = YES;
				SWIFT_VERSION = 5.0;
				TARGETED_DEVICE_FAMILY = "1,2";
			};
			name = Debug;
		};
		33AF9B3529961D6500D28269 /* Release */ = {
			isa = XCBuildConfiguration;
			baseConfigurationReference = FBA2C3EE077572753FF222D4 /* Pods-FinalProject.release.xcconfig */;
			buildSettings = {
				ASSETCATALOG_COMPILER_APPICON_NAME = AppIcon;
				ASSETCATALOG_COMPILER_GLOBAL_ACCENT_COLOR_NAME = AccentColor;
				CODE_SIGN_STYLE = Automatic;
				CURRENT_PROJECT_VERSION = 1;
				GENERATE_INFOPLIST_FILE = YES;
				INFOPLIST_FILE = FinalProject/Info.plist;
				INFOPLIST_KEY_UIApplicationSupportsIndirectInputEvents = YES;
				INFOPLIST_KEY_UILaunchStoryboardName = LaunchScreen;
				INFOPLIST_KEY_UIMainStoryboardFile = Main;
				INFOPLIST_KEY_UISupportedInterfaceOrientations_iPad = "UIInterfaceOrientationPortrait UIInterfaceOrientationPortraitUpsideDown UIInterfaceOrientationLandscapeLeft UIInterfaceOrientationLandscapeRight";
				INFOPLIST_KEY_UISupportedInterfaceOrientations_iPhone = "UIInterfaceOrientationPortrait UIInterfaceOrientationLandscapeLeft UIInterfaceOrientationLandscapeRight";
				LD_RUNPATH_SEARCH_PATHS = (
					"$(inherited)",
					"@executable_path/Frameworks",
				);
				MARKETING_VERSION = 1.0;
				PRODUCT_BUNDLE_IDENTIFIER = com.example.FinalProject;
				PRODUCT_NAME = "$(TARGET_NAME)";
				SWIFT_EMIT_LOC_STRINGS = YES;
				SWIFT_VERSION = 5.0;
				TARGETED_DEVICE_FAMILY = "1,2";
			};
			name = Release;
		};
/* End XCBuildConfiguration section */

/* Begin XCConfigurationList section */
		33AF9B1A29961D6300D28269 /* Build configuration list for PBXProject "FinalProject" */ = {
			isa = XCConfigurationList;
			buildConfigurations = (
				33AF9B3129961D6500D28269 /* Debug */,
				33AF9B3229961D6500D28269 /* Release */,
			);
			defaultConfigurationIsVisible = 0;
			defaultConfigurationName = Release;
		};
		33AF9B3329961D6500D28269 /* Build configuration list for PBXNativeTarget "FinalProject" */ = {
			isa = XCConfigurationList;
			buildConfigurations = (
				33AF9B3429961D6500D28269 /* Debug */,
				33AF9B3529961D6500D28269 /* Release */,
			);
			defaultConfigurationIsVisible = 0;
			defaultConfigurationName = Release;
		};
/* End XCConfigurationList section */
	};
	rootObject = 33AF9B1729961D6300D28269 /* Project object */;
}
